{
  "pins" : [
    {
      "identity" : "nested-collection-view",
      "kind" : "remoteSourceControl",
      "location" : "https://github.com/DevCrew-io/Nested-Collection-View",
      "state" : {
        "branch" : "main",
        "revision" : "dfca550dd952d28a2bd2d37f0be122f7698facd7"
      }
    }
  ],
  "version" : 2
}
